
Microsoft Visual Studio Solution File, Format Version 12.00
# Visual Studio 15
VisualStudioVersion = 15.0.26730.12
MinimumVisualStudioVersion = 10.0.40219.1
Project("{FAE04EC0-301F-11D3-BF4B-00C04F79EFBC}") = "Assembly-CSharp", "Assembly-CSharp.csproj", "{DAE2E35F-AC8A-4C93-BE35-69667656EE8E}"
EndProject
Global
	GlobalSection(SolutionConfigurationPlatforms) = preSolution
		Debug|Any CPU = Debug|Any CPU
		Release|Any CPU = Release|Any CPU
	EndGlobalSection
	GlobalSection(ProjectConfigurationPlatforms) = postSolution
		{DAE2E35F-AC8A-4C93-BE35-69667656EE8E}.Debug|Any CPU.ActiveCfg = Debug|Any CPU
		{DAE2E35F-AC8A-4C93-BE35-69667656EE8E}.Debug|Any CPU.Build.0 = Debug|Any CPU
		{DAE2E35F-AC8A-4C93-BE35-69667656EE8E}.Release|Any CPU.ActiveCfg = Release|Any CPU
		{DAE2E35F-AC8A-4C93-BE35-69667656EE8E}.Release|Any CPU.Build.0 = Release|Any CPU
	EndGlobalSection
	GlobalSection(SolutionProperties) = preSolution
		HideSolutionNode = FALSE
	EndGlobalSection
	GlobalSection(ExtensibilityGlobals) = postSolution
		SolutionGuid = {07A89C7D-C5FA-4B95-AA06-1E6E497F4FA8}
	EndGlobalSection
EndGlobal
